{
  "name": "autocomplete-paths",
  "version": "2.12.1",
  "lockfileVersion": 1,
  "requires": true,
  "dependencies": {
    "balanced-match": {
      "version": "1.0.0",
      "resolved": "http://registry.npm.taobao.org/balanced-match/download/balanced-match-1.0.0.tgz",
      "integrity": "sha1-ibTRmasr7kneFk6gK4nORi1xt2c="
    },
    "brace-expansion": {
      "version": "1.1.8",
      "resolved": "http://registry.npm.taobao.org/brace-expansion/download/brace-expansion-1.1.8.tgz",
      "integrity": "sha1-wHshHHyVLsH479Uad+8NHTmQopI=",
      "requires": {
        "balanced-match": "1.0.0",
        "concat-map": "0.0.1"
      }
    },
    "concat-map": {
      "version": "0.0.1",
      "resolved": "http://registry.npm.taobao.org/concat-map/download/concat-map-0.0.1.tgz",
      "integrity": "sha1-2Klr13/Wjfd5OnMDajug1UBdR3s="
    },
    "fuzzaldrin-plus": {
      "version": "0.4.1",
      "resolved": "http://registry.npm.taobao.org/fuzzaldrin-plus/download/fuzzaldrin-plus-0.4.1.tgz",
      "integrity": "sha1-l5WVAkqrdBhJQjB9Yx16pEHu43k="
    },
    "git-ignore-parser": {
      "version": "0.0.2",
      "resolved": "http://registry.npm.taobao.org/git-ignore-parser/download/git-ignore-parser-0.0.2.tgz",
      "integrity": "sha1-fykXBKrv9mlvmHePzLJ2AbtzOTI="
    },
    "minimatch": {
      "version": "3.0.4",
      "resolved": "http://registry.npm.taobao.org/minimatch/download/minimatch-3.0.4.tgz",
      "integrity": "sha1-UWbihkV/AzBgZL5Ul+jbsMPTIIM=",
      "requires": {
        "brace-expansion": "1.1.8"
      }
    },
    "slash": {
      "version": "1.0.0",
      "resolved": "http://registry.npm.taobao.org/slash/download/slash-1.0.0.tgz",
      "integrity": "sha1-xB8vbDn8FtHNF61LXYlhFK5HDVU="
    },
    "underscore": {
      "version": "1.6.0",
      "resolved": "http://registry.npm.taobao.org/underscore/download/underscore-1.6.0.tgz",
      "integrity": "sha1-izixDKze9jM3uLJOT/htRa6lKag="
    },
    "underscore-plus": {
      "version": "1.6.6",
      "resolved": "http://registry.npm.taobao.org/underscore-plus/download/underscore-plus-1.6.6.tgz",
      "integrity": "sha1-ZezeG9xEGjXYnmUP1w3PE65Dmn0=",
      "requires": {
        "underscore": "1.6.0"
      }
    }
  }
}
